
Microsoft Visual Studio Solution File, Format Version 12.00
# Visual Studio Version 17
VisualStudioVersion = 17.9.34607.119
MinimumVisualStudioVersion = 10.0.40219.1
Project("{FAE04EC0-301F-11D3-BF4B-00C04F79EFBC}") = "Danilo'sFood", "Danilo'sFood\Danilo'sFood.csproj", "{F37493C8-D1F9-41AC-87CB-675E979F4F77}"
EndProject
Global
	GlobalSection(SolutionConfigurationPlatforms) = preSolution
		Debug|Any CPU = Debug|Any CPU
		Release|Any CPU = Release|Any CPU
	EndGlobalSection
	GlobalSection(ProjectConfigurationPlatforms) = postSolution
		{F37493C8-D1F9-41AC-87CB-675E979F4F77}.Debug|Any CPU.ActiveCfg = Debug|Any CPU
		{F37493C8-D1F9-41AC-87CB-675E979F4F77}.Debug|Any CPU.Build.0 = Debug|Any CPU
		{F37493C8-D1F9-41AC-87CB-675E979F4F77}.Release|Any CPU.ActiveCfg = Release|Any CPU
		{F37493C8-D1F9-41AC-87CB-675E979F4F77}.Release|Any CPU.Build.0 = Release|Any CPU
	EndGlobalSection
	GlobalSection(SolutionProperties) = preSolution
		HideSolutionNode = FALSE
	EndGlobalSection
	GlobalSection(ExtensibilityGlobals) = postSolution
		SolutionGuid = {A1416959-665F-4576-B19B-3104838FED6C}
	EndGlobalSection
EndGlobal
